# THIS IS AN AUTOGENERATED FILE. DO NOT EDIT THIS FILE DIRECTLY.
# yarn lockfile v1


is-plain-obj@^1.0.0:
  version "1.1.0"
  resolved "https://registry.yarnpkg.com/is-plain-obj/-/is-plain-obj-1.1.0.tgz#71a50c8429dfca773c92a390a4a03b39fcd51d3e"

is-regexp@^1.0.0:
  version "1.0.0"
  resolved "https://registry.yarnpkg.com/is-regexp/-/is-regexp-1.0.0.tgz#fd2d883545c46bac5a633e7b9a09e87fa2cb5069"

lodash@^4.15.0, lodash@^4.17.2:
  version "4.17.4"
  resolved "https://registry.yarnpkg.com/lodash/-/lodash-4.17.4.tgz#78203a4d1c328ae1d86dca6460e369b57f4055ae"

path-parse@^1.0.5:
  version "1.0.5"
  resolved "https://registry.yarnpkg.com/path-parse/-/path-parse-1.0.5.tgz#3c1adf871ea9cd6c9431b6ea2bd74a0ff055c4c1"

quibble@^0.5.0:
  version "0.5.1"
  resolved "https://registry.yarnpkg.com/quibble/-/quibble-0.5.1.tgz#b7fd1fc0a9c1eea012ac9d71bcb6da8d9a5dc9e9"
  dependencies:
    lodash "^4.17.2"

resolve@^1.3.2:
  version "1.3.3"
  resolved "https://registry.yarnpkg.com/resolve/-/resolve-1.3.3.tgz#655907c3469a8680dc2de3a275a8fdd69691f0e5"
  dependencies:
    path-parse "^1.0.5"

stringify-object-es5@^2.5.0:
  version "2.5.0"
  resolved "https://registry.yarnpkg.com/stringify-object-es5/-/stringify-object-es5-2.5.0.tgz#057c3c9a90a127339bb9d1704a290bb7bd0a1ec5"
  dependencies:
    is-plain-obj "^1.0.0"
    is-regexp "^1.0.0"

testdouble@^2.1.2:
  version "2.1.2"
  resolved "https://registry.yarnpkg.com/testdouble/-/testdouble-2.1.2.tgz#8a376c5cb9b2c9cea90780b874168aa5b6eeb8a8"
  dependencies:
    lodash "^4.15.0"
    quibble "^0.5.0"
    resolve "^1.3.2"
    stringify-object-es5 "^2.5.0"
