# THIS IS AN AUTOGENERATED FILE. DO NOT EDIT THIS FILE DIRECTLY.
# yarn lockfile v1


is-plain-obj@^1.0.0:
  version "1.1.0"
  resolved "https://registry.yarnpkg.com/is-plain-obj/-/is-plain-obj-1.1.0.tgz#71a50c8429dfca773c92a390a4a03b39fcd51d3e"

is-regexp@^1.0.0:
  version "1.0.0"
  resolved "https://registry.yarnpkg.com/is-regexp/-/is-regexp-1.0.0.tgz#fd2d883545c46bac5a633e7b9a09e87fa2cb5069"

lodash@^4.15.0, lodash@^4.17.2:
  version "4.17.4"
  resolved "https://registry.yarnpkg.com/lodash/-/lodash-4.17.4.tgz#78203a4d1c328ae1d86dca6460e369b57f4055ae"

quibble@^0.4.1:
  version "0.4.1"
  resolved "https://registry.yarnpkg.com/quibble/-/quibble-0.4.1.tgz#6107cf39f584233b3220724965ed6bb6e42d4d9b"
  dependencies:
    lodash "^4.17.2"

stringify-object-es5@^2.5.0:
  version "2.5.0"
  resolved "https://registry.yarnpkg.com/stringify-object-es5/-/stringify-object-es5-2.5.0.tgz#057c3c9a90a127339bb9d1704a290bb7bd0a1ec5"
  dependencies:
    is-plain-obj "^1.0.0"
    is-regexp "^1.0.0"

testdouble@~2.0.1:
  version "2.0.5"
  resolved "https://registry.yarnpkg.com/testdouble/-/testdouble-2.0.5.tgz#78d9e0c0fa51bccab2dc9fdb0ec29f5d04b65bc8"
  dependencies:
    lodash "^4.15.0"
    quibble "^0.4.1"
    stringify-object-es5 "^2.5.0"
